<?xml version="1.0" encoding="utf-8"?>
<Project ToolsVersion="4.0" xmlns="http://schemas.microsoft.com/developer/msbuild/2003">
  <ItemGroup>
    <Filter Include="Source Files">
      <UniqueIdentifier>{4FC737F1-C7A5-4376-A066-2A32D752A2FF}</UniqueIdentifier>
      <Extensions>cpp;c;cc;cxx;c++;cppm;ixx;def;odl;idl;hpj;bat;asm;asmx</Extensions>
    </Filter>
    <Filter Include="Header Files">
      <UniqueIdentifier>{93995380-89BD-4b04-88EB-625FBE52EBFB}</UniqueIdentifier>
      <Extensions>h;hh;hpp;hxx;h++;hm;inl;inc;ipp;xsd</Extensions>
    </Filter>
    <Filter Include="Resource Files">
      <UniqueIdentifier>{67DA6AB6-F800-4c08-8B7A-83BB121AAD01}</UniqueIdentifier>
      <Extensions>rc;ico;cur;bmp;dlg;rc2;rct;bin;rgs;gif;jpg;jpeg;jpe;resx;tiff;tif;png;wav;mfcribbon-ms</Extensions>
    </Filter>
  </ItemGroup>
  <ItemGroup>
    <ClInclude Include="stb_image.h">
      <Filter>Header Files</Filter>
    </ClInclude>
    <ClInclude Include="stb_image_write.h">
      <Filter>Header Files</Filter>
    </ClInclude>
    <ClInclude Include="Buffer.hxx">
      <Filter>Header Files</Filter>
    </ClInclude>
    <ClInclude Include="CommandBuffer.hxx">
      <Filter>Header Files</Filter>
    </ClInclude>
    <ClInclude Include="CommandBufferFactory.hxx">
      <Filter>Header Files</Filter>
    </ClInclude>
    <ClInclude Include="CommandPool.hxx">
      <Filter>Header Files</Filter>
    </ClInclude>
    <ClInclude Include="Compiler.hxx">
      <Filter>Header Files</Filter>
    </ClInclude>
    <ClInclude Include="DescriptorPoolManager.hxx">
      <Filter>Header Files</Filter>
    </ClInclude>
    <ClInclude Include="DescriptorSet.hxx">
      <Filter>Header Files</Filter>
    </ClInclude>
    <ClInclude Include="DescriptorSetManager.hxx">
      <Filter>Header Files</Filter>
    </ClInclude>
    <ClInclude Include="Device.hxx">
      <Filter>Header Files</Filter>
    </ClInclude>
    <ClInclude Include="DummyWindow.hxx">
      <Filter>Header Files</Filter>
    </ClInclude>
    <ClInclude Include="Fence.hxx">
      <Filter>Header Files</Filter>
    </ClInclude>
    <ClInclude Include="FlatFramebuffer.hxx">
      <Filter>Header Files</Filter>
    </ClInclude>
    <ClInclude Include="FlatFramebufferFactory.hxx">
      <Filter>Header Files</Filter>
    </ClInclude>
    <ClInclude Include="Frame.hxx">
      <Filter>Header Files</Filter>
    </ClInclude>
    <ClInclude Include="Image.hxx">
      <Filter>Header Files</Filter>
    </ClInclude>
    <ClInclude Include="ImageBase.hxx">
      <Filter>Header Files</Filter>
    </ClInclude>
    <ClInclude Include="ImageFactory.hxx">
      <Filter>Header Files</Filter>
    </ClInclude>
    <ClInclude Include="ImageView.hxx">
      <Filter>Header Files</Filter>
    </ClInclude>
    <ClInclude Include="Instance.hxx">
      <Filter>Header Files</Filter>
    </ClInclude>
    <ClInclude Include="ManagedSwapchain.hxx">
      <Filter>Header Files</Filter>
    </ClInclude>
    <ClInclude Include="PhysicalDevice.hxx">
      <Filter>Header Files</Filter>
    </ClInclude>
    <ClInclude Include="PhysicalDeviceComparerer.hxx">
      <Filter>Header Files</Filter>
    </ClInclude>
    <ClInclude Include="Pipeline.hxx">
      <Filter>Header Files</Filter>
    </ClInclude>
    <ClInclude Include="PresentationQueue.hxx">
      <Filter>Header Files</Filter>
    </ClInclude>
    <ClInclude Include="PresentationQueueFamilyIndices.hxx">
      <Filter>Header Files</Filter>
    </ClInclude>
    <ClInclude Include="Queue.hxx">
      <Filter>Header Files</Filter>
    </ClInclude>
    <ClInclude Include="QueueFamilyIndices.hxx">
      <Filter>Header Files</Filter>
    </ClInclude>
    <ClInclude Include="read_file.hxx">
      <Filter>Header Files</Filter>
    </ClInclude>
    <ClInclude Include="RenderPass.hxx">
      <Filter>Header Files</Filter>
    </ClInclude>
    <ClInclude Include="RenderPassFactory.hxx">
      <Filter>Header Files</Filter>
    </ClInclude>
    <ClInclude Include="Sampler.hxx">
      <Filter>Header Files</Filter>
    </ClInclude>
    <ClInclude Include="Semaphore.hxx">
      <Filter>Header Files</Filter>
    </ClInclude>
    <ClInclude Include="shader_helper.hxx">
      <Filter>Header Files</Filter>
    </ClInclude>
    <ClInclude Include="StbImage.hxx">
      <Filter>Header Files</Filter>
    </ClInclude>
    <ClInclude Include="Surface.hxx">
      <Filter>Header Files</Filter>
    </ClInclude>
    <ClInclude Include="Swapchain.hxx">
      <Filter>Header Files</Filter>
    </ClInclude>
    <ClInclude Include="SwapchainFactory.hxx">
      <Filter>Header Files</Filter>
    </ClInclude>
    <ClInclude Include="SwapchainImage.hxx">
      <Filter>Header Files</Filter>
    </ClInclude>
    <ClInclude Include="SwapchainSupportDetails.hxx">
      <Filter>Header Files</Filter>
    </ClInclude>
    <ClInclude Include="UniqueObject.hxx">
      <Filter>Header Files</Filter>
    </ClInclude>
    <ClInclude Include="vma_helper.hxx">
      <Filter>Header Files</Filter>
    </ClInclude>
    <ClInclude Include="vulkan_helper.hxx">
      <Filter>Header Files</Filter>
    </ClInclude>
    <ClInclude Include="vulkan_surface_helper.hxx">
      <Filter>Header Files</Filter>
    </ClInclude>
    <ClInclude Include="vulkan_win32_helper.hxx">
      <Filter>Header Files</Filter>
    </ClInclude>
    <ClInclude Include="VulkanError.hxx">
      <Filter>Header Files</Filter>
    </ClInclude>
    <ClInclude Include="Win32QueueFamilyIndices.hxx">
      <Filter>Header Files</Filter>
    </ClInclude>
    <ClInclude Include="Win32SurfaceFactory.hxx">
      <Filter>Header Files</Filter>
    </ClInclude>
    <ClInclude Include="string_helper.hxx">
      <Filter>Header Files</Filter>
    </ClInclude>
    <ClInclude Include="DescriptorPoolSetAllocation.hxx">
      <Filter>Header Files</Filter>
    </ClInclude>
    <ClInclude Include="PersistantlyMappedBuffer.hxx">
      <Filter>Header Files</Filter>
    </ClInclude>
    <ClInclude Include="DescriptorSetLayout.hxx">
      <Filter>Header Files</Filter>
    </ClInclude>
    <ClInclude Include="DescriptorSetLayoutManager.hxx">
      <Filter>Header Files</Filter>
    </ClInclude>
    <ClInclude Include="DebugUtilsMessenger.hxx">
      <Filter>Header Files</Filter>
    </ClInclude>
    <ClInclude Include="math_helper.hxx">
      <Filter>Header Files</Filter>
    </ClInclude>
    <ClInclude Include="DescriptorPool.hxx">
      <Filter>Header Files</Filter>
    </ClInclude>
    <ClInclude Include="PipelineLayout.hxx">
      <Filter>Header Files</Filter>
    </ClInclude>
    <ClInclude Include="ManagedDescriptorSet.hxx">
      <Filter>Header Files</Filter>
    </ClInclude>
    <ClInclude Include="PipelineLayoutManager.hxx">
      <Filter>Header Files</Filter>
    </ClInclude>
  </ItemGroup>
  <ItemGroup>
    <ClCompile Include="Buffer.cxx">
      <Filter>Source Files</Filter>
    </ClCompile>
    <ClCompile Include="CommandBuffer.cxx">
      <Filter>Source Files</Filter>
    </ClCompile>
    <ClCompile Include="CommandBufferFactory.cxx">
      <Filter>Source Files</Filter>
    </ClCompile>
    <ClCompile Include="CommandPool.cxx">
      <Filter>Source Files</Filter>
    </ClCompile>
    <ClCompile Include="Compiler.cxx">
      <Filter>Source Files</Filter>
    </ClCompile>
    <ClCompile Include="DescriptorPoolManager.cxx">
      <Filter>Source Files</Filter>
    </ClCompile>
    <ClCompile Include="DescriptorSet.cxx">
      <Filter>Source Files</Filter>
    </ClCompile>
    <ClCompile Include="DescriptorSetManager.cxx">
      <Filter>Source Files</Filter>
    </ClCompile>
    <ClCompile Include="Device.cxx">
      <Filter>Source Files</Filter>
    </ClCompile>
    <ClCompile Include="DummyWindow.cxx">
      <Filter>Source Files</Filter>
    </ClCompile>
    <ClCompile Include="Fence.cxx">
      <Filter>Source Files</Filter>
    </ClCompile>
    <ClCompile Include="FlatFramebuffer.cxx">
      <Filter>Source Files</Filter>
    </ClCompile>
    <ClCompile Include="FlatFramebufferFactory.cxx">
      <Filter>Source Files</Filter>
    </ClCompile>
    <ClCompile Include="Frame.cxx">
      <Filter>Source Files</Filter>
    </ClCompile>
    <ClCompile Include="Image.cxx">
      <Filter>Source Files</Filter>
    </ClCompile>
    <ClCompile Include="ImageBase.cxx">
      <Filter>Source Files</Filter>
    </ClCompile>
    <ClCompile Include="ImageFactory.cxx">
      <Filter>Source Files</Filter>
    </ClCompile>
    <ClCompile Include="ImageView.cxx">
      <Filter>Source Files</Filter>
    </ClCompile>
    <ClCompile Include="Instance.cxx">
      <Filter>Source Files</Filter>
    </ClCompile>
    <ClCompile Include="ManagedSwapchain.cxx">
      <Filter>Source Files</Filter>
    </ClCompile>
    <ClCompile Include="PhysicalDevice.cxx">
      <Filter>Source Files</Filter>
    </ClCompile>
    <ClCompile Include="PhysicalDeviceComparerer.cxx">
      <Filter>Source Files</Filter>
    </ClCompile>
    <ClCompile Include="Pipeline.cxx">
      <Filter>Source Files</Filter>
    </ClCompile>
    <ClCompile Include="PresentationQueue.cxx">
      <Filter>Source Files</Filter>
    </ClCompile>
    <ClCompile Include="PresentationQueueFamilyIndices.cxx">
      <Filter>Source Files</Filter>
    </ClCompile>
    <ClCompile Include="Queue.cxx">
      <Filter>Source Files</Filter>
    </ClCompile>
    <ClCompile Include="QueueFamilyIndices.cxx">
      <Filter>Source Files</Filter>
    </ClCompile>
    <ClCompile Include="read_file.cxx">
      <Filter>Source Files</Filter>
    </ClCompile>
    <ClCompile Include="RenderPass.cxx">
      <Filter>Source Files</Filter>
    </ClCompile>
    <ClCompile Include="RenderPassFactory.cxx">
      <Filter>Source Files</Filter>
    </ClCompile>
    <ClCompile Include="Sampler.cxx">
      <Filter>Source Files</Filter>
    </ClCompile>
    <ClCompile Include="Semaphore.cxx">
      <Filter>Source Files</Filter>
    </ClCompile>
    <ClCompile Include="shader_helper.cxx">
      <Filter>Source Files</Filter>
    </ClCompile>
    <ClCompile Include="stb_image.cxx">
      <Filter>Source Files</Filter>
    </ClCompile>
    <ClCompile Include="stb_image_write.cxx">
      <Filter>Source Files</Filter>
    </ClCompile>
    <ClCompile Include="StbImage.cxx">
      <Filter>Source Files</Filter>
    </ClCompile>
    <ClCompile Include="Surface.cxx">
      <Filter>Source Files</Filter>
    </ClCompile>
    <ClCompile Include="Swapchain.cxx">
      <Filter>Source Files</Filter>
    </ClCompile>
    <ClCompile Include="SwapchainFactory.cxx">
      <Filter>Source Files</Filter>
    </ClCompile>
    <ClCompile Include="SwapchainImage.cxx">
      <Filter>Source Files</Filter>
    </ClCompile>
    <ClCompile Include="SwapchainSupportDetails.cxx">
      <Filter>Source Files</Filter>
    </ClCompile>
    <ClCompile Include="vk_mem_alloc.cxx">
      <Filter>Source Files</Filter>
    </ClCompile>
    <ClCompile Include="vma_helper.cxx">
      <Filter>Source Files</Filter>
    </ClCompile>
    <ClCompile Include="vulkan_helper.cxx">
      <Filter>Source Files</Filter>
    </ClCompile>
    <ClCompile Include="vulkan_surface_helper.cxx">
      <Filter>Source Files</Filter>
    </ClCompile>
    <ClCompile Include="vulkan_win32_helper.cxx">
      <Filter>Source Files</Filter>
    </ClCompile>
    <ClCompile Include="VulkanError.cxx">
      <Filter>Source Files</Filter>
    </ClCompile>
    <ClCompile Include="Win32QueueFamilyIndices.cxx">
      <Filter>Source Files</Filter>
    </ClCompile>
    <ClCompile Include="Win32SurfaceFactory.cxx">
      <Filter>Source Files</Filter>
    </ClCompile>
    <ClCompile Include="DescriptorPoolSetAllocation.cxx">
      <Filter>Source Files</Filter>
    </ClCompile>
    <ClCompile Include="PersistantlyMappedBuffer.cxx">
      <Filter>Source Files</Filter>
    </ClCompile>
    <ClCompile Include="DescriptorSetLayout.cxx">
      <Filter>Source Files</Filter>
    </ClCompile>
    <ClCompile Include="DescriptorSetLayoutManager.cxx">
      <Filter>Source Files</Filter>
    </ClCompile>
    <ClCompile Include="DebugUtilsMessenger.cxx">
      <Filter>Source Files</Filter>
    </ClCompile>
    <ClCompile Include="DescriptorPool.cxx">
      <Filter>Source Files</Filter>
    </ClCompile>
    <ClCompile Include="PipelineLayout.cxx">
      <Filter>Source Files</Filter>
    </ClCompile>
    <ClCompile Include="ManagedDescriptorSet.cxx">
      <Filter>Source Files</Filter>
    </ClCompile>
    <ClCompile Include="PipelineLayoutManager.cxx">
      <Filter>Source Files</Filter>
    </ClCompile>
  </ItemGroup>
  <ItemGroup>
    <Text Include="Random Notes.txt" />
  </ItemGroup>
</Project>